// !$*UTF8*$!
{
	archiveVersion = 1;
	classes = {
	};
	objectVersion = 46;
	objects = {

/* Begin PBXBuildFile section */
		B3053581163F685700EEAACD /* moon.png in Resources */ = {isa = PBXBuildFile; fileRef = B3053580163F685700EEAACD /* moon.png */; };
		B32F615A163E77300074EBA4 /* UIKit.framework in Frameworks */ = {isa = PBXBuildFile; fileRef = B32F6159163E77300074EBA4 /* UIKit.framework */; };
		B32F615C163E77300074EBA4 /* Foundation.framework in Frameworks */ = {isa = PBXBuildFile; fileRef = B32F615B163E77300074EBA4 /* Foundation.framework */; };
		B32F615E163E77300074EBA4 /* CoreGraphics.framework in Frameworks */ = {isa = PBXBuildFile; fileRef = B32F615D163E77300074EBA4 /* CoreGraphics.framework */; };
		B32F6164163E77300074EBA4 /* InfoPlist.strings in Resources */ = {isa = PBXBuildFile; fileRef = B32F6162163E77300074EBA4 /* InfoPlist.strings */; };
		B32F6166163E77300074EBA4 /* main.m in Sources */ = {isa = PBXBuildFile; fileRef = B32F6165163E77300074EBA4 /* main.m */; };
		B32F616A163E77300074EBA4 /* SFAppDelegate.m in Sources */ = {isa = PBXBuildFile; fileRef = B32F6169163E77300074EBA4 /* SFAppDelegate.m */; };
		B32F616C163E77300074EBA4 /* Default.png in Resources */ = {isa = PBXBuildFile; fileRef = B32F616B163E77300074EBA4 /* Default.png */; };
		B32F616E163E77300074EBA4 /* Default@2x.png in Resources */ = {isa = PBXBuildFile; fileRef = B32F616D163E77300074EBA4 /* Default@2x.png */; };
		B32F6170163E77300074EBA4 /* Default-568h@2x.png in Resources */ = {isa = PBXBuildFile; fileRef = B32F616F163E77300074EBA4 /* Default-568h@2x.png */; };
		B32F6178163E77310074EBA4 /* SenTestingKit.framework in Frameworks */ = {isa = PBXBuildFile; fileRef = B32F6177163E77310074EBA4 /* SenTestingKit.framework */; };
		B32F6179163E77310074EBA4 /* UIKit.framework in Frameworks */ = {isa = PBXBuildFile; fileRef = B32F6159163E77300074EBA4 /* UIKit.framework */; };
		B32F617A163E77310074EBA4 /* Foundation.framework in Frameworks */ = {isa = PBXBuildFile; fileRef = B32F615B163E77300074EBA4 /* Foundation.framework */; };
		B32F6182163E77310074EBA4 /* InfoPlist.strings in Resources */ = {isa = PBXBuildFile; fileRef = B32F6180163E77310074EBA4 /* InfoPlist.strings */; };
		B32F6185163E77310074EBA4 /* SFTennisTests.m in Sources */ = {isa = PBXBuildFile; fileRef = B32F6184163E77310074EBA4 /* SFTennisTests.m */; };
		B32F618F163E77C50074EBA4 /* GameKit.framework in Frameworks */ = {isa = PBXBuildFile; fileRef = B32F618E163E77C50074EBA4 /* GameKit.framework */; };
		B32F619A163E7D920074EBA4 /* SFTennisViewController.m in Sources */ = {isa = PBXBuildFile; fileRef = B32F6199163E7D920074EBA4 /* SFTennisViewController.m */; };
		B32F61A7163E806C0074EBA4 /* SFTennisViewController.xib in Resources */ = {isa = PBXBuildFile; fileRef = B32F61A6163E806C0074EBA4 /* SFTennisViewController.xib */; };
		B38A8F6316436A75001A6DC7 /* SFTennisModel.m in Sources */ = {isa = PBXBuildFile; fileRef = B38A8F6216436A75001A6DC7 /* SFTennisModel.m */; };
		B38A8FC01643B70B001A6DC7 /* Entity.m in Sources */ = {isa = PBXBuildFile; fileRef = B38A8FBF1643B70B001A6DC7 /* Entity.m */; };
/* End PBXBuildFile section */

/* Begin PBXContainerItemProxy section */
		B32F617B163E77310074EBA4 /* PBXContainerItemProxy */ = {
			isa = PBXContainerItemProxy;
			containerPortal = B32F614C163E77300074EBA4 /* Project object */;
			proxyType = 1;
			remoteGlobalIDString = B32F6154163E77300074EBA4;
			remoteInfo = SFTennis;
		};
/* End PBXContainerItemProxy section */

/* Begin PBXFileReference section */
		B3053580163F685700EEAACD /* moon.png */ = {isa = PBXFileReference; lastKnownFileType = image.png; path = moon.png; sourceTree = "<group>"; };
		B32F6155163E77300074EBA4 /* SFTennis.app */ = {isa = PBXFileReference; explicitFileType = wrapper.application; includeInIndex = 0; path = SFTennis.app; sourceTree = BUILT_PRODUCTS_DIR; };
		B32F6159163E77300074EBA4 /* UIKit.framework */ = {isa = PBXFileReference; lastKnownFileType = wrapper.framework; name = UIKit.framework; path = System/Library/Frameworks/UIKit.framework; sourceTree = SDKROOT; };
		B32F615B163E77300074EBA4 /* Foundation.framework */ = {isa = PBXFileReference; lastKnownFileType = wrapper.framework; name = Foundation.framework; path = System/Library/Frameworks/Foundation.framework; sourceTree = SDKROOT; };
		B32F615D163E77300074EBA4 /* CoreGraphics.framework */ = {isa = PBXFileReference; lastKnownFileType = wrapper.framework; name = CoreGraphics.framework; path = System/Library/Frameworks/CoreGraphics.framework; sourceTree = SDKROOT; };
		B32F6161163E77300074EBA4 /* SFTennis-Info.plist */ = {isa = PBXFileReference; lastKnownFileType = text.plist.xml; path = "SFTennis-Info.plist"; sourceTree = "<group>"; };
		B32F6163163E77300074EBA4 /* en */ = {isa = PBXFileReference; lastKnownFileType = text.plist.strings; name = en; path = en.lproj/InfoPlist.strings; sourceTree = "<group>"; };
		B32F6165163E77300074EBA4 /* main.m */ = {isa = PBXFileReference; lastKnownFileType = sourcecode.c.objc; path = main.m; sourceTree = "<group>"; };
		B32F6167163E77300074EBA4 /* SFTennis-Prefix.pch */ = {isa = PBXFileReference; lastKnownFileType = sourcecode.c.h; path = "SFTennis-Prefix.pch"; sourceTree = "<group>"; };
		B32F6168163E77300074EBA4 /* SFAppDelegate.h */ = {isa = PBXFileReference; lastKnownFileType = sourcecode.c.h; path = SFAppDelegate.h; sourceTree = "<group>"; };
		B32F6169163E77300074EBA4 /* SFAppDelegate.m */ = {isa = PBXFileReference; lastKnownFileType = sourcecode.c.objc; path = SFAppDelegate.m; sourceTree = "<group>"; };
		B32F616B163E77300074EBA4 /* Default.png */ = {isa = PBXFileReference; lastKnownFileType = image.png; path = Default.png; sourceTree = "<group>"; };
		B32F616D163E77300074EBA4 /* Default@2x.png */ = {isa = PBXFileReference; lastKnownFileType = image.png; path = "Default@2x.png"; sourceTree = "<group>"; };
		B32F616F163E77300074EBA4 /* Default-568h@2x.png */ = {isa = PBXFileReference; lastKnownFileType = image.png; path = "Default-568h@2x.png"; sourceTree = "<group>"; };
		B32F6176163E77310074EBA4 /* SFTennisTests.octest */ = {isa = PBXFileReference; explicitFileType = wrapper.cfbundle; includeInIndex = 0; path = SFTennisTests.octest; sourceTree = BUILT_PRODUCTS_DIR; };
		B32F6177163E77310074EBA4 /* SenTestingKit.framework */ = {isa = PBXFileReference; lastKnownFileType = wrapper.framework; name = SenTestingKit.framework; path = Library/Frameworks/SenTestingKit.framework; sourceTree = DEVELOPER_DIR; };
		B32F617F163E77310074EBA4 /* SFTennisTests-Info.plist */ = {isa = PBXFileReference; lastKnownFileType = text.plist.xml; path = "SFTennisTests-Info.plist"; sourceTree = "<group>"; };
		B32F6181163E77310074EBA4 /* en */ = {isa = PBXFileReference; lastKnownFileType = text.plist.strings; name = en; path = en.lproj/InfoPlist.strings; sourceTree = "<group>"; };
		B32F6183163E77310074EBA4 /* SFTennisTests.h */ = {isa = PBXFileReference; lastKnownFileType = sourcecode.c.h; path = SFTennisTests.h; sourceTree = "<group>"; };
		B32F6184163E77310074EBA4 /* SFTennisTests.m */ = {isa = PBXFileReference; lastKnownFileType = sourcecode.c.objc; path = SFTennisTests.m; sourceTree = "<group>"; };
		B32F618E163E77C50074EBA4 /* GameKit.framework */ = {isa = PBXFileReference; lastKnownFileType = wrapper.framework; name = GameKit.framework; path = System/Library/Frameworks/GameKit.framework; sourceTree = SDKROOT; };
		B32F6198163E7D920074EBA4 /* SFTennisViewController.h */ = {isa = PBXFileReference; fileEncoding = 4; lastKnownFileType = sourcecode.c.h; path = SFTennisViewController.h; sourceTree = "<group>"; };
		B32F6199163E7D920074EBA4 /* SFTennisViewController.m */ = {isa = PBXFileReference; fileEncoding = 4; lastKnownFileType = sourcecode.c.objc; path = SFTennisViewController.m; sourceTree = "<group>"; };
		B32F61A6163E806C0074EBA4 /* SFTennisViewController.xib */ = {isa = PBXFileReference; fileEncoding = 4; lastKnownFileType = file.xib; path = SFTennisViewController.xib; sourceTree = "<group>"; };
		B38A8F6116436A75001A6DC7 /* SFTennisModel.h */ = {isa = PBXFileReference; fileEncoding = 4; lastKnownFileType = sourcecode.c.h; path = SFTennisModel.h; sourceTree = "<group>"; };
		B38A8F6216436A75001A6DC7 /* SFTennisModel.m */ = {isa = PBXFileReference; fileEncoding = 4; lastKnownFileType = sourcecode.c.objc; path = SFTennisModel.m; sourceTree = "<group>"; };
		B38A8FBE1643B70B001A6DC7 /* Entity.h */ = {isa = PBXFileReference; fileEncoding = 4; lastKnownFileType = sourcecode.c.h; name = Entity.h; path = ../SFCoreDataLab/Classes/Entity.h; sourceTree = "<group>"; };
		B38A8FBF1643B70B001A6DC7 /* Entity.m */ = {isa = PBXFileReference; fileEncoding = 4; lastKnownFileType = sourcecode.c.objc; name = Entity.m; path = ../SFCoreDataLab/Classes/Entity.m; sourceTree = "<group>"; };
/* End PBXFileReference section */

/* Begin PBXFrameworksBuildPhase section */
		B32F6152163E77300074EBA4 /* Frameworks */ = {
			isa = PBXFrameworksBuildPhase;
			buildActionMask = 2147483647;
			files = (
				B32F618F163E77C50074EBA4 /* GameKit.framework in Frameworks */,
				B32F615A163E77300074EBA4 /* UIKit.framework in Frameworks */,
				B32F615C163E77300074EBA4 /* Foundation.framework in Frameworks */,
				B32F615E163E77300074EBA4 /* CoreGraphics.framework in Frameworks */,
			);
			runOnlyForDeploymentPostprocessing = 0;
		};
		B32F6172163E77310074EBA4 /* Frameworks */ = {
			isa = PBXFrameworksBuildPhase;
			buildActionMask = 2147483647;
			files = (
				B32F6178163E77310074EBA4 /* SenTestingKit.framework in Frameworks */,
				B32F6179163E77310074EBA4 /* UIKit.framework in Frameworks */,
				B32F617A163E77310074EBA4 /* Foundation.framework in Frameworks */,
			);
			runOnlyForDeploymentPostprocessing = 0;
		};
/* End PBXFrameworksBuildPhase section */

/* Begin PBXGroup section */
		B32F614A163E77300074EBA4 = {
			isa = PBXGroup;
			children = (
				B38A8FBE1643B70B001A6DC7 /* Entity.h */,
				B38A8FBF1643B70B001A6DC7 /* Entity.m */,
				B32F6197163E7D920074EBA4 /* Classes */,
				B32F615F163E77300074EBA4 /* SFTennis */,
				B32F617D163E77310074EBA4 /* SFTennisTests */,
				B32F6158163E77300074EBA4 /* Frameworks */,
				B32F6156163E77300074EBA4 /* Products */,
			);
			sourceTree = "<group>";
		};
		B32F6156163E77300074EBA4 /* Products */ = {
			isa = PBXGroup;
			children = (
				B32F6155163E77300074EBA4 /* SFTennis.app */,
				B32F6176163E77310074EBA4 /* SFTennisTests.octest */,
			);
			name = Products;
			sourceTree = "<group>";
		};
		B32F6158163E77300074EBA4 /* Frameworks */ = {
			isa = PBXGroup;
			children = (
				B32F618E163E77C50074EBA4 /* GameKit.framework */,
				B32F6159163E77300074EBA4 /* UIKit.framework */,
				B32F615B163E77300074EBA4 /* Foundation.framework */,
				B32F615D163E77300074EBA4 /* CoreGraphics.framework */,
				B32F6177163E77310074EBA4 /* SenTestingKit.framework */,
			);
			name = Frameworks;
			sourceTree = "<group>";
		};
		B32F615F163E77300074EBA4 /* SFTennis */ = {
			isa = PBXGroup;
			children = (
				B32F6168163E77300074EBA4 /* SFAppDelegate.h */,
				B32F6169163E77300074EBA4 /* SFAppDelegate.m */,
				B32F61A6163E806C0074EBA4 /* SFTennisViewController.xib */,
				B32F6160163E77300074EBA4 /* Supporting Files */,
			);
			path = SFTennis;
			sourceTree = "<group>";
		};
		B32F6160163E77300074EBA4 /* Supporting Files */ = {
			isa = PBXGroup;
			children = (
				B3053580163F685700EEAACD /* moon.png */,
				B32F6161163E77300074EBA4 /* SFTennis-Info.plist */,
				B32F6162163E77300074EBA4 /* InfoPlist.strings */,
				B32F6165163E77300074EBA4 /* main.m */,
				B32F6167163E77300074EBA4 /* SFTennis-Prefix.pch */,
				B32F616B163E77300074EBA4 /* Default.png */,
				B32F616D163E77300074EBA4 /* Default@2x.png */,
				B32F616F163E77300074EBA4 /* Default-568h@2x.png */,
			);
			name = "Supporting Files";
			sourceTree = "<group>";
		};
		B32F617D163E77310074EBA4 /* SFTennisTests */ = {
			isa = PBXGroup;
			children = (
				B32F6183163E77310074EBA4 /* SFTennisTests.h */,
				B32F6184163E77310074EBA4 /* SFTennisTests.m */,
				B32F617E163E77310074EBA4 /* Supporting Files */,
			);
			path = SFTennisTests;
			sourceTree = "<group>";
		};
		B32F617E163E77310074EBA4 /* Supporting Files */ = {
			isa = PBXGroup;
			children = (
				B32F617F163E77310074EBA4 /* SFTennisTests-Info.plist */,
				B32F6180163E77310074EBA4 /* InfoPlist.strings */,
			);
			name = "Supporting Files";
			sourceTree = "<group>";
		};
		B32F6197163E7D920074EBA4 /* Classes */ = {
			isa = PBXGroup;
			children = (
				B32F6198163E7D920074EBA4 /* SFTennisViewController.h */,
				B32F6199163E7D920074EBA4 /* SFTennisViewController.m */,
				B38A8F6116436A75001A6DC7 /* SFTennisModel.h */,
				B38A8F6216436A75001A6DC7 /* SFTennisModel.m */,
			);
			path = Classes;
			sourceTree = "<group>";
		};
/* End PBXGroup section */

/* Begin PBXNativeTarget section */
		B32F6154163E77300074EBA4 /* SFTennis */ = {
			isa = PBXNativeTarget;
			buildConfigurationList = B32F6188163E77310074EBA4 /* Build configuration list for PBXNativeTarget "SFTennis" */;
			buildPhases = (
				B32F6151163E77300074EBA4 /* Sources */,
				B32F6152163E77300074EBA4 /* Frameworks */,
				B32F6153163E77300074EBA4 /* Resources */,
			);
			buildRules = (
			);
			dependencies = (
			);
			name = SFTennis;
			productName = SFTennis;
			productReference = B32F6155163E77300074EBA4 /* SFTennis.app */;
			productType = "com.apple.product-type.application";
		};
		B32F6175163E77310074EBA4 /* SFTennisTests */ = {
			isa = PBXNativeTarget;
			buildConfigurationList = B32F618B163E77310074EBA4 /* Build configuration list for PBXNativeTarget "SFTennisTests" */;
			buildPhases = (
				B32F6171163E77310074EBA4 /* Sources */,
				B32F6172163E77310074EBA4 /* Frameworks */,
				B32F6173163E77310074EBA4 /* Resources */,
				B32F6174163E77310074EBA4 /* ShellScript */,
			);
			buildRules = (
			);
			dependencies = (
				B32F617C163E77310074EBA4 /* PBXTargetDependency */,
			);
			name = SFTennisTests;
			productName = SFTennisTests;
			productReference = B32F6176163E77310074EBA4 /* SFTennisTests.octest */;
			productType = "com.apple.product-type.bundle";
		};
/* End PBXNativeTarget section */

/* Begin PBXProject section */
		B32F614C163E77300074EBA4 /* Project object */ = {
			isa = PBXProject;
			attributes = {
				CLASSPREFIX = SF;
				LastUpgradeCheck = 0450;
				ORGANIZATIONNAME = hand;
			};
			buildConfigurationList = B32F614F163E77300074EBA4 /* Build configuration list for PBXProject "SFTennis" */;
			compatibilityVersion = "Xcode 3.2";
			developmentRegion = English;
			hasScannedForEncodings = 0;
			knownRegions = (
				en,
			);
			mainGroup = B32F614A163E77300074EBA4;
			productRefGroup = B32F6156163E77300074EBA4 /* Products */;
			projectDirPath = "";
			projectRoot = "";
			targets = (
				B32F6154163E77300074EBA4 /* SFTennis */,
				B32F6175163E77310074EBA4 /* SFTennisTests */,
			);
		};
/* End PBXProject section */

/* Begin PBXResourcesBuildPhase section */
		B32F6153163E77300074EBA4 /* Resources */ = {
			isa = PBXResourcesBuildPhase;
			buildActionMask = 2147483647;
			files = (
				B32F6164163E77300074EBA4 /* InfoPlist.strings in Resources */,
				B32F616C163E77300074EBA4 /* Default.png in Resources */,
				B32F616E163E77300074EBA4 /* Default@2x.png in Resources */,
				B32F6170163E77300074EBA4 /* Default-568h@2x.png in Resources */,
				B32F61A7163E806C0074EBA4 /* SFTennisViewController.xib in Resources */,
				B3053581163F685700EEAACD /* moon.png in Resources */,
			);
			runOnlyForDeploymentPostprocessing = 0;
		};
		B32F6173163E77310074EBA4 /* Resources */ = {
			isa = PBXResourcesBuildPhase;
			buildActionMask = 2147483647;
			files = (
				B32F6182163E77310074EBA4 /* InfoPlist.strings in Resources */,
			);
			runOnlyForDeploymentPostprocessing = 0;
		};
/* End PBXResourcesBuildPhase section */

/* Begin PBXShellScriptBuildPhase section */
		B32F6174163E77310074EBA4 /* ShellScript */ = {
			isa = PBXShellScriptBuildPhase;
			buildActionMask = 2147483647;
			files = (
			);
			inputPaths = (
			);
			outputPaths = (
			);
			runOnlyForDeploymentPostprocessing = 0;
			shellPath = /bin/sh;
			shellScript = "# Run the unit tests in this test bundle.\n\"${SYSTEM_DEVELOPER_DIR}/Tools/RunUnitTests\"\n";
		};
/* End PBXShellScriptBuildPhase section */

/* Begin PBXSourcesBuildPhase section */
		B32F6151163E77300074EBA4 /* Sources */ = {
			isa = PBXSourcesBuildPhase;
			buildActionMask = 2147483647;
			files = (
				B32F6166163E77300074EBA4 /* main.m in Sources */,
				B32F616A163E77300074EBA4 /* SFAppDelegate.m in Sources */,
				B32F619A163E7D920074EBA4 /* SFTennisViewController.m in Sources */,
				B38A8F6316436A75001A6DC7 /* SFTennisModel.m in Sources */,
				B38A8FC01643B70B001A6DC7 /* Entity.m in Sources */,
			);
			runOnlyForDeploymentPostprocessing = 0;
		};
		B32F6171163E77310074EBA4 /* Sources */ = {
			isa = PBXSourcesBuildPhase;
			buildActionMask = 2147483647;
			files = (
				B32F6185163E77310074EBA4 /* SFTennisTests.m in Sources */,
			);
			runOnlyForDeploymentPostprocessing = 0;
		};
/* End PBXSourcesBuildPhase section */

/* Begin PBXTargetDependency section */
		B32F617C163E77310074EBA4 /* PBXTargetDependency */ = {
			isa = PBXTargetDependency;
			target = B32F6154163E77300074EBA4 /* SFTennis */;
			targetProxy = B32F617B163E77310074EBA4 /* PBXContainerItemProxy */;
		};
/* End PBXTargetDependency section */

/* Begin PBXVariantGroup section */
		B32F6162163E77300074EBA4 /* InfoPlist.strings */ = {
			isa = PBXVariantGroup;
			children = (
				B32F6163163E77300074EBA4 /* en */,
			);
			name = InfoPlist.strings;
			sourceTree = "<group>";
		};
		B32F6180163E77310074EBA4 /* InfoPlist.strings */ = {
			isa = PBXVariantGroup;
			children = (
				B32F6181163E77310074EBA4 /* en */,
			);
			name = InfoPlist.strings;
			sourceTree = "<group>";
		};
/* End PBXVariantGroup section */

/* Begin XCBuildConfiguration section */
		B32F6186163E77310074EBA4 /* Debug */ = {
			isa = XCBuildConfiguration;
			buildSettings = {
				ALWAYS_SEARCH_USER_PATHS = NO;
				CLANG_CXX_LANGUAGE_STANDARD = "gnu++0x";
				CLANG_CXX_LIBRARY = "libc++";
				CLANG_WARN_EMPTY_BODY = YES;
				CLANG_WARN__DUPLICATE_METHOD_MATCH = YES;
				"CODE_SIGN_IDENTITY[sdk=iphoneos*]" = "iPhone Developer";
				COPY_PHASE_STRIP = NO;
				GCC_C_LANGUAGE_STANDARD = gnu99;
				GCC_DYNAMIC_NO_PIC = NO;
				GCC_OPTIMIZATION_LEVEL = 0;
				GCC_PREPROCESSOR_DEFINITIONS = (
					"DEBUG=1",
					"$(inherited)",
				);
				GCC_SYMBOLS_PRIVATE_EXTERN = NO;
				GCC_WARN_ABOUT_RETURN_TYPE = YES;
				GCC_WARN_UNINITIALIZED_AUTOS = YES;
				GCC_WARN_UNUSED_VARIABLE = YES;
				IPHONEOS_DEPLOYMENT_TARGET = 6.0;
				ONLY_ACTIVE_ARCH = YES;
				SDKROOT = iphoneos;
			};
			name = Debug;
		};
		B32F6187163E77310074EBA4 /* Release */ = {
			isa = XCBuildConfiguration;
			buildSettings = {
				ALWAYS_SEARCH_USER_PATHS = NO;
				CLANG_CXX_LANGUAGE_STANDARD = "gnu++0x";
				CLANG_CXX_LIBRARY = "libc++";
				CLANG_WARN_EMPTY_BODY = YES;
				CLANG_WARN__DUPLICATE_METHOD_MATCH = YES;
				"CODE_SIGN_IDENTITY[sdk=iphoneos*]" = "iPhone Developer";
				COPY_PHASE_STRIP = YES;
				GCC_C_LANGUAGE_STANDARD = gnu99;
				GCC_WARN_ABOUT_RETURN_TYPE = YES;
				GCC_WARN_UNINITIALIZED_AUTOS = YES;
				GCC_WARN_UNUSED_VARIABLE = YES;
				IPHONEOS_DEPLOYMENT_TARGET = 6.0;
				OTHER_CFLAGS = "-DNS_BLOCK_ASSERTIONS=1";
				SDKROOT = iphoneos;
				VALIDATE_PRODUCT = YES;
			};
			name = Release;
		};
		B32F6189163E77310074EBA4 /* Debug */ = {
			isa = XCBuildConfiguration;
			buildSettings = {
				GCC_PRECOMPILE_PREFIX_HEADER = YES;
				GCC_PREFIX_HEADER = "SFTennis/SFTennis-Prefix.pch";
				INFOPLIST_FILE = "SFTennis/SFTennis-Info.plist";
				PRODUCT_NAME = "$(TARGET_NAME)";
				WRAPPER_EXTENSION = app;
			};
			name = Debug;
		};
		B32F618A163E77310074EBA4 /* Release */ = {
			isa = XCBuildConfiguration;
			buildSettings = {
				GCC_PRECOMPILE_PREFIX_HEADER = YES;
				GCC_PREFIX_HEADER = "SFTennis/SFTennis-Prefix.pch";
				INFOPLIST_FILE = "SFTennis/SFTennis-Info.plist";
				PRODUCT_NAME = "$(TARGET_NAME)";
				WRAPPER_EXTENSION = app;
			};
			name = Release;
		};
		B32F618C163E77310074EBA4 /* Debug */ = {
			isa = XCBuildConfiguration;
			buildSettings = {
				BUNDLE_LOADER = "$(BUILT_PRODUCTS_DIR)/SFTennis.app/SFTennis";
				FRAMEWORK_SEARCH_PATHS = (
					"\"$(SDKROOT)/Developer/Library/Frameworks\"",
					"\"$(DEVELOPER_LIBRARY_DIR)/Frameworks\"",
				);
				GCC_PRECOMPILE_PREFIX_HEADER = YES;
				GCC_PREFIX_HEADER = "SFTennis/SFTennis-Prefix.pch";
				INFOPLIST_FILE = "SFTennisTests/SFTennisTests-Info.plist";
				PRODUCT_NAME = "$(TARGET_NAME)";
				TEST_HOST = "$(BUNDLE_LOADER)";
				WRAPPER_EXTENSION = octest;
			};
			name = Debug;
		};
		B32F618D163E77310074EBA4 /* Release */ = {
			isa = XCBuildConfiguration;
			buildSettings = {
				BUNDLE_LOADER = "$(BUILT_PRODUCTS_DIR)/SFTennis.app/SFTennis";
				FRAMEWORK_SEARCH_PATHS = (
					"\"$(SDKROOT)/Developer/Library/Frameworks\"",
					"\"$(DEVELOPER_LIBRARY_DIR)/Frameworks\"",
				);
				GCC_PRECOMPILE_PREFIX_HEADER = YES;
				GCC_PREFIX_HEADER = "SFTennis/SFTennis-Prefix.pch";
				INFOPLIST_FILE = "SFTennisTests/SFTennisTests-Info.plist";
				PRODUCT_NAME = "$(TARGET_NAME)";
				TEST_HOST = "$(BUNDLE_LOADER)";
				WRAPPER_EXTENSION = octest;
			};
			name = Release;
		};
/* End XCBuildConfiguration section */

/* Begin XCConfigurationList section */
		B32F614F163E77300074EBA4 /* Build configuration list for PBXProject "SFTennis" */ = {
			isa = XCConfigurationList;
			buildConfigurations = (
				B32F6186163E77310074EBA4 /* Debug */,
				B32F6187163E77310074EBA4 /* Release */,
			);
			defaultConfigurationIsVisible = 0;
			defaultConfigurationName = Release;
		};
		B32F6188163E77310074EBA4 /* Build configuration list for PBXNativeTarget "SFTennis" */ = {
			isa = XCConfigurationList;
			buildConfigurations = (
				B32F6189163E77310074EBA4 /* Debug */,
				B32F618A163E77310074EBA4 /* Release */,
			);
			defaultConfigurationIsVisible = 0;
			defaultConfigurationName = Release;
		};
		B32F618B163E77310074EBA4 /* Build configuration list for PBXNativeTarget "SFTennisTests" */ = {
			isa = XCConfigurationList;
			buildConfigurations = (
				B32F618C163E77310074EBA4 /* Debug */,
				B32F618D163E77310074EBA4 /* Release */,
			);
			defaultConfigurationIsVisible = 0;
			defaultConfigurationName = Release;
		};
/* End XCConfigurationList section */
	};
	rootObject = B32F614C163E77300074EBA4 /* Project object */;
}
